{
  "name": "practicum-techradar",
  "version": "1.0.0",
  "lockfileVersion": 3,
  "requires": true,
  "packages": {
    "": {
      "name": "practicum-techradar",
      "version": "1.0.0",
      "license": "MIT",
      "dependencies": {
        "aoe_technology_radar": "^4.6.0"
      }
    },
    "node_modules/aoe_technology_radar": {
      "version": "4.6.0",
      "resolved": "https://registry.npmjs.org/aoe_technology_radar/-/aoe_technology_radar-4.6.0.tgz",
      "integrity": "sha512-0yu2NKFPyuspZLVthTdoDMTs3V7gUizQl0Z/DNqwdtoRG5CCRzI/s3FyMri7QklJPyZZbKrkHARDIBIyxEp5cw==",
      "hasInstallScript": true,
      "bin": {
        "techradar": "bin/techradar.js"
      }
    }
  }
}
